{
    "version": 3,
    "terraform_version": "0.11.13",
    "serial": 4,
    "lineage": "0d062281-7cb6-e142-fd4b-bbb8e809deed",
    "modules": [
        {
            "path": [
                "root"
            ],
            "outputs": {
                "iam_ids": {
                    "sensitive": false,
                    "type": "list",
                    "value": [
                        "AKIARNJNDLWZYTX22DES",
                        "AKIARNJNDLWZXOH6XZ37",
                        "AKIARNJNDLWZ3GKTT4G3",
                        "AKIARNJNDLWZWA4RLRPV",
                        "AKIARNJNDLWZ4656CWEG"
                    ]
                },
                "iam_keys": {
                    "sensitive": false,
                    "type": "list",
                    "value": [
                        "wcBMAyOWfUReUZ0fAQgAE2w7vlz0svtOIKZoOLwozNMpxQbwpj3Kqs11lY1lJU1w8vpQcZ5HHnDsNKpOG5IFaFMbP3VMuY/juvt0w1Exj+ESB2NcFQXnIkomrasm/DlqQzqKyTHz+le6p997vaoCnnI0iKBJ3bU659h+/amWFwKxH5xAXk1OdtR/U8p4nGK1Qaa8Qmh+MiNQhGaPver82l0b2xmTOQVgnBA3G7PMJ7ngLXGrLIoAYoXWhkkra9Kjb4c/DwoCmxCxK2swX4vezTYZQ4caYDfGF/saAAnw49257JB0z6XfaxJX0zXGAqFd/+bp+fNKYlUb+u2y/mTWCNvWwlpFeNGXgGdbh4XoTdLgAeTptE5Sq7orWnSwhrmDPOjT4XHY4PPg3OGwceDy4hiEb/HgnuUtYnf4rLULxjc9ev9eHs8cXl03gtJjrLZ3HZu7WDqXv+A/459LndeQ4/oS4GTkldpg/NAbwYTfkTdzlMqBI+K8Kx6r4fBQAA==",
                        "wcBMAyOWfUReUZ0fAQgAflRdqRHt8U9UktiX3TGpm1Z/UBsgB17eyIzqOk5T7n7eb7lnGpaSnAztbOEkQYNB94ndmm6yVsSbVOyHGjml2+dUY05e9LU5bLhPo4CknQGYRbVThcYm8wrrRfg4X8TZL9hA+8cowRDz2uWjtjGJimJ4VzN7tgqaFQB5ozL8Yxvn4+aCKmldWu1AwFaI5pVDWNcJE8ijMgq4FmNLjfU2U/OWQHEju3MfDtCFbCGs4wOmRSLL0jGs9t4YnZnnMccM4Z7O9hLc9zQezs5xsmONystrXv2eBhV+aDxlDqs3c55KKFzPcuXpORt1wfahq1ZhH7xUlqovTsvvfvIeL7ynzdLgAeQMq2R63SlPg/27L50koRVJ4cMo4NjgnOHqQ+Ce4tl9/nbgZ+X/ESst7WoBpbCLVD67T2lgS14BsoVC/YjJ7quRQceoM+Bz40r68vYla9SL4N/k0sncg7Wm2zsYHd2CMDGga+LkLvu64fT6AA==",
                        "wcBMAyOWfUReUZ0fAQgAeSbg3YIdkkXMySyX1owhHZX//t2GzIk59IM5vv1ItducaT3xK4guac1YPsPUE+d8w11xYYcI8N6tPPYDPxOa8Zt8QPCMeOMCiARnUX1Y5v3du22We1oTxlSlj8cDtPwPGZyNYZoAOgvDhsXEzttWZYUa15I1V0Vr7RVdCq4eCMM4kaF/4jARn/4xaNh3dTMwLBYtUHj4/xNiNZcwYFfG1FrI8YmGqQlJ5Fy3Zuai/mIrNN5jc3xanpzEcR5ZQdSmXNH0EPvtmKcJxISapwAe6m9JqJBsq2LLWUla0ROYlKEQcZJjnd8d3OjmJ78vylcsy8ydHZRUIuBl31c4KNhRg9LgAeSVbnf4gElvi0PrSTqoA6Ah4R0w4LbgZuGeCeDp4v+qkMLgCuUG5sjx8Ll3GD071YWje8sWyjrNMz2KPe/krd+TLUs5SOCm44Df5a7KJlHq4DLkJ+daocwz/c8vKf200yxf5uL6d2WT4UdrAA==",
                        "wcBMAyOWfUReUZ0fAQgAxArW+7m6Y0m/6iwnhy70bB9SxdK9erhKSyWO4fc2O1ad5RwelSzzoAywe00GwXN1hgzvoKG4Vep9xm6lKG+2n7munMbwNwrH4SL8AOE01bjNF8/d1Fey0Vq1CVos/MSvPUm2Lp/J3Ei8wp8h4VgSkmcIEFXglBzKYpShzj68I01UZEbXFmYuFijvdQStbUMbdamtjEo70lSE/rRpge7mBABKu9+0sfGOEQp5P6kqOWHAOK602Et1yOhToRkWml4YvFnXd0rwt5s51851KIinXzwKE1vN90CxBtzOM5XyMMUPb3YHSfDmXCVkUE/sQEqZwTWXA03Qr444kl28bL0sh9LgAeTH8NL1t76OScE4FCNtNJl84YuP4Hzg6OFHZOBE4oA8CZXgMeUwbtaWHcl0U3/TRjmx1T01kieK07I/zSITLprAAiJj1uAM49HycyaZT7YT4A7kQnmhGvj0ZZf9ONCU/DONjOI/Hkl54WcXAA==",
                        "wcBMAyOWfUReUZ0fAQgAK2p58XvenoXnhfmxtknOg+p+kEorLAr0K5jsLYxcZMoHnDwWPcKm0X9xeDd+/eka9BG5t7aJDbFAEKNvqR/A1QIlm8aN8b/R8+i8OdMQ4uFpR701w0jgsJ9iznBP+Y2o/v1zgokIrH46unI7K3Kfugwjk++5p2q4sdb2Q3x2p1IwIRNLAZBtHZsyuzr4b1U/aEb4OuAvCOR15Smcdb/V0mYUQqmzoE97ATxVm+e6zR3FiTF6+WKC7jYx8AX5zczf5Dv9eEF9MLDIhN3deDn/VI5WdKol4Ig3m9ZII+YZ+0Ps5W8j0/4qgwybVgQJAnYfepgPR7stdbkIzjEAODTHstLgAeRnA58eTBHXv3LBb154txrs4fzc4BjgZuFdH+A84uIQRCPgAeV3hGgaG7qPU+Mo4HylXBevnZmzfh3FwUzrVjneHSHZj+BV45QLa5B20Nf94EDkCteFjrURHTVnGW92QKWv/OKSt25K4d4NAA=="
                    ]
                },
                "users_prefix": {
                    "sensitive": false,
                    "type": "string",
                    "value": "wizeline-academy-automation"
                }
            },
            "resources": {},
            "depends_on": []
        },
        {
            "path": [
                "root",
                "users"
            ],
            "outputs": {
                "iam_ids": {
                    "sensitive": false,
                    "type": "list",
                    "value": [
                        "AKIARNJNDLWZYTX22DES",
                        "AKIARNJNDLWZXOH6XZ37",
                        "AKIARNJNDLWZ3GKTT4G3",
                        "AKIARNJNDLWZWA4RLRPV",
                        "AKIARNJNDLWZ4656CWEG"
                    ]
                },
                "iam_keys": {
                    "sensitive": false,
                    "type": "list",
                    "value": [
                        "wcBMAyOWfUReUZ0fAQgAE2w7vlz0svtOIKZoOLwozNMpxQbwpj3Kqs11lY1lJU1w8vpQcZ5HHnDsNKpOG5IFaFMbP3VMuY/juvt0w1Exj+ESB2NcFQXnIkomrasm/DlqQzqKyTHz+le6p997vaoCnnI0iKBJ3bU659h+/amWFwKxH5xAXk1OdtR/U8p4nGK1Qaa8Qmh+MiNQhGaPver82l0b2xmTOQVgnBA3G7PMJ7ngLXGrLIoAYoXWhkkra9Kjb4c/DwoCmxCxK2swX4vezTYZQ4caYDfGF/saAAnw49257JB0z6XfaxJX0zXGAqFd/+bp+fNKYlUb+u2y/mTWCNvWwlpFeNGXgGdbh4XoTdLgAeTptE5Sq7orWnSwhrmDPOjT4XHY4PPg3OGwceDy4hiEb/HgnuUtYnf4rLULxjc9ev9eHs8cXl03gtJjrLZ3HZu7WDqXv+A/459LndeQ4/oS4GTkldpg/NAbwYTfkTdzlMqBI+K8Kx6r4fBQAA==",
                        "wcBMAyOWfUReUZ0fAQgAflRdqRHt8U9UktiX3TGpm1Z/UBsgB17eyIzqOk5T7n7eb7lnGpaSnAztbOEkQYNB94ndmm6yVsSbVOyHGjml2+dUY05e9LU5bLhPo4CknQGYRbVThcYm8wrrRfg4X8TZL9hA+8cowRDz2uWjtjGJimJ4VzN7tgqaFQB5ozL8Yxvn4+aCKmldWu1AwFaI5pVDWNcJE8ijMgq4FmNLjfU2U/OWQHEju3MfDtCFbCGs4wOmRSLL0jGs9t4YnZnnMccM4Z7O9hLc9zQezs5xsmONystrXv2eBhV+aDxlDqs3c55KKFzPcuXpORt1wfahq1ZhH7xUlqovTsvvfvIeL7ynzdLgAeQMq2R63SlPg/27L50koRVJ4cMo4NjgnOHqQ+Ce4tl9/nbgZ+X/ESst7WoBpbCLVD67T2lgS14BsoVC/YjJ7quRQceoM+Bz40r68vYla9SL4N/k0sncg7Wm2zsYHd2CMDGga+LkLvu64fT6AA==",
                        "wcBMAyOWfUReUZ0fAQgAeSbg3YIdkkXMySyX1owhHZX//t2GzIk59IM5vv1ItducaT3xK4guac1YPsPUE+d8w11xYYcI8N6tPPYDPxOa8Zt8QPCMeOMCiARnUX1Y5v3du22We1oTxlSlj8cDtPwPGZyNYZoAOgvDhsXEzttWZYUa15I1V0Vr7RVdCq4eCMM4kaF/4jARn/4xaNh3dTMwLBYtUHj4/xNiNZcwYFfG1FrI8YmGqQlJ5Fy3Zuai/mIrNN5jc3xanpzEcR5ZQdSmXNH0EPvtmKcJxISapwAe6m9JqJBsq2LLWUla0ROYlKEQcZJjnd8d3OjmJ78vylcsy8ydHZRUIuBl31c4KNhRg9LgAeSVbnf4gElvi0PrSTqoA6Ah4R0w4LbgZuGeCeDp4v+qkMLgCuUG5sjx8Ll3GD071YWje8sWyjrNMz2KPe/krd+TLUs5SOCm44Df5a7KJlHq4DLkJ+daocwz/c8vKf200yxf5uL6d2WT4UdrAA==",
                        "wcBMAyOWfUReUZ0fAQgAxArW+7m6Y0m/6iwnhy70bB9SxdK9erhKSyWO4fc2O1ad5RwelSzzoAywe00GwXN1hgzvoKG4Vep9xm6lKG+2n7munMbwNwrH4SL8AOE01bjNF8/d1Fey0Vq1CVos/MSvPUm2Lp/J3Ei8wp8h4VgSkmcIEFXglBzKYpShzj68I01UZEbXFmYuFijvdQStbUMbdamtjEo70lSE/rRpge7mBABKu9+0sfGOEQp5P6kqOWHAOK602Et1yOhToRkWml4YvFnXd0rwt5s51851KIinXzwKE1vN90CxBtzOM5XyMMUPb3YHSfDmXCVkUE/sQEqZwTWXA03Qr444kl28bL0sh9LgAeTH8NL1t76OScE4FCNtNJl84YuP4Hzg6OFHZOBE4oA8CZXgMeUwbtaWHcl0U3/TRjmx1T01kieK07I/zSITLprAAiJj1uAM49HycyaZT7YT4A7kQnmhGvj0ZZf9ONCU/DONjOI/Hkl54WcXAA==",
                        "wcBMAyOWfUReUZ0fAQgAK2p58XvenoXnhfmxtknOg+p+kEorLAr0K5jsLYxcZMoHnDwWPcKm0X9xeDd+/eka9BG5t7aJDbFAEKNvqR/A1QIlm8aN8b/R8+i8OdMQ4uFpR701w0jgsJ9iznBP+Y2o/v1zgokIrH46unI7K3Kfugwjk++5p2q4sdb2Q3x2p1IwIRNLAZBtHZsyuzr4b1U/aEb4OuAvCOR15Smcdb/V0mYUQqmzoE97ATxVm+e6zR3FiTF6+WKC7jYx8AX5zczf5Dv9eEF9MLDIhN3deDn/VI5WdKol4Ig3m9ZII+YZ+0Ps5W8j0/4qgwybVgQJAnYfepgPR7stdbkIzjEAODTHstLgAeRnA58eTBHXv3LBb154txrs4fzc4BjgZuFdH+A84uIQRCPgAeV3hGgaG7qPU+Mo4HylXBevnZmzfh3FwUzrVjneHSHZj+BV45QLa5B20Nf94EDkCteFjrURHTVnGW92QKWv/OKSt25K4d4NAA=="
                    ]
                }
            },
            "resources": {
                "aws_iam_group.default": {
                    "type": "aws_iam_group",
                    "depends_on": [],
                    "primary": {
                        "id": "wizeline-academy-automation",
                        "attributes": {
                            "arn": "arn:aws:iam::097268227507:group/wizeline-academy-automation",
                            "id": "wizeline-academy-automation",
                            "name": "wizeline-academy-automation",
                            "path": "/",
                            "unique_id": "AGPARNJNDLWZTP5GCFIRY"
                        },
                        "meta": {},
                        "tainted": false
                    },
                    "deposed": [],
                    "provider": "provider.aws"
                },
                "aws_iam_group_policy.region-inline": {
                    "type": "aws_iam_group_policy",
                    "depends_on": [
                        "aws_iam_group.default",
                        "data.aws_iam_policy_document.region"
                    ],
                    "primary": {
                        "id": "wizeline-academy-automation:region",
                        "attributes": {
                            "group": "wizeline-academy-automation",
                            "id": "wizeline-academy-automation:region",
                            "name": "region",
                            "policy": "{\n  \"Version\": \"2012-10-17\",\n  \"Statement\": [\n    {\n      \"Sid\": \"\",\n      \"Effect\": \"Deny\",\n      \"NotAction\": [\n        \"sts:*\",\n        \"route53:*\",\n        \"iam:*\"\n      ],\n      \"Resource\": \"*\",\n      \"Condition\": {\n        \"StringNotEquals\": {\n          \"aws:RequestedRegion\": \"us-east-2\"\n        }\n      }\n    }\n  ]\n}"
                        },
                        "meta": {},
                        "tainted": false
                    },
                    "deposed": [],
                    "provider": "provider.aws"
                },
                "aws_iam_group_policy_attachment.read-only": {
                    "type": "aws_iam_group_policy_attachment",
                    "depends_on": [
                        "aws_iam_group.default"
                    ],
                    "primary": {
                        "id": "wizeline-academy-automation-20190806134410202200000001",
                        "attributes": {
                            "group": "wizeline-academy-automation",
                            "id": "wizeline-academy-automation-20190806134410202200000001",
                            "policy_arn": "arn:aws:iam::aws:policy/ReadOnlyAccess"
                        },
                        "meta": {},
                        "tainted": false
                    },
                    "deposed": [],
                    "provider": "provider.aws"
                },
                "data.aws_iam_policy_document.region": {
                    "type": "aws_iam_policy_document",
                    "depends_on": [],
                    "primary": {
                        "id": "1362129429",
                        "attributes": {
                            "id": "1362129429",
                            "json": "{\n  \"Version\": \"2012-10-17\",\n  \"Statement\": [\n    {\n      \"Sid\": \"\",\n      \"Effect\": \"Deny\",\n      \"NotAction\": [\n        \"sts:*\",\n        \"route53:*\",\n        \"iam:*\"\n      ],\n      \"Resource\": \"*\",\n      \"Condition\": {\n        \"StringNotEquals\": {\n          \"aws:RequestedRegion\": \"us-east-2\"\n        }\n      }\n    }\n  ]\n}",
                            "statement.#": "1",
                            "statement.0.actions.#": "0",
                            "statement.0.condition.#": "1",
                            "statement.0.condition.918241384.test": "StringNotEquals",
                            "statement.0.condition.918241384.values.#": "1",
                            "statement.0.condition.918241384.values.1951454386": "us-east-2",
                            "statement.0.condition.918241384.variable": "aws:RequestedRegion",
                            "statement.0.effect": "Deny",
                            "statement.0.not_actions.#": "3",
                            "statement.0.not_actions.1250009968": "route53:*",
                            "statement.0.not_actions.3190870779": "sts:*",
                            "statement.0.not_actions.79416152": "iam:*",
                            "statement.0.not_principals.#": "0",
                            "statement.0.not_resources.#": "0",
                            "statement.0.principals.#": "0",
                            "statement.0.resources.#": "1",
                            "statement.0.resources.2679715827": "*",
                            "statement.0.sid": "",
                            "version": "2012-10-17"
                        },
                        "meta": {},
                        "tainted": false
                    },
                    "deposed": [],
                    "provider": "provider.aws"
                }
            },
            "depends_on": []
        },
        {
            "path": [
                "root",
                "users",
                "users"
            ],
            "outputs": {
                "iam_id": {
                    "sensitive": false,
                    "type": "list",
                    "value": [
                        "AKIARNJNDLWZYTX22DES",
                        "AKIARNJNDLWZXOH6XZ37",
                        "AKIARNJNDLWZ3GKTT4G3",
                        "AKIARNJNDLWZWA4RLRPV",
                        "AKIARNJNDLWZ4656CWEG"
                    ]
                },
                "iam_key": {
                    "sensitive": false,
                    "type": "list",
                    "value": [
                        "wcBMAyOWfUReUZ0fAQgAE2w7vlz0svtOIKZoOLwozNMpxQbwpj3Kqs11lY1lJU1w8vpQcZ5HHnDsNKpOG5IFaFMbP3VMuY/juvt0w1Exj+ESB2NcFQXnIkomrasm/DlqQzqKyTHz+le6p997vaoCnnI0iKBJ3bU659h+/amWFwKxH5xAXk1OdtR/U8p4nGK1Qaa8Qmh+MiNQhGaPver82l0b2xmTOQVgnBA3G7PMJ7ngLXGrLIoAYoXWhkkra9Kjb4c/DwoCmxCxK2swX4vezTYZQ4caYDfGF/saAAnw49257JB0z6XfaxJX0zXGAqFd/+bp+fNKYlUb+u2y/mTWCNvWwlpFeNGXgGdbh4XoTdLgAeTptE5Sq7orWnSwhrmDPOjT4XHY4PPg3OGwceDy4hiEb/HgnuUtYnf4rLULxjc9ev9eHs8cXl03gtJjrLZ3HZu7WDqXv+A/459LndeQ4/oS4GTkldpg/NAbwYTfkTdzlMqBI+K8Kx6r4fBQAA==",
                        "wcBMAyOWfUReUZ0fAQgAflRdqRHt8U9UktiX3TGpm1Z/UBsgB17eyIzqOk5T7n7eb7lnGpaSnAztbOEkQYNB94ndmm6yVsSbVOyHGjml2+dUY05e9LU5bLhPo4CknQGYRbVThcYm8wrrRfg4X8TZL9hA+8cowRDz2uWjtjGJimJ4VzN7tgqaFQB5ozL8Yxvn4+aCKmldWu1AwFaI5pVDWNcJE8ijMgq4FmNLjfU2U/OWQHEju3MfDtCFbCGs4wOmRSLL0jGs9t4YnZnnMccM4Z7O9hLc9zQezs5xsmONystrXv2eBhV+aDxlDqs3c55KKFzPcuXpORt1wfahq1ZhH7xUlqovTsvvfvIeL7ynzdLgAeQMq2R63SlPg/27L50koRVJ4cMo4NjgnOHqQ+Ce4tl9/nbgZ+X/ESst7WoBpbCLVD67T2lgS14BsoVC/YjJ7quRQceoM+Bz40r68vYla9SL4N/k0sncg7Wm2zsYHd2CMDGga+LkLvu64fT6AA==",
                        "wcBMAyOWfUReUZ0fAQgAeSbg3YIdkkXMySyX1owhHZX//t2GzIk59IM5vv1ItducaT3xK4guac1YPsPUE+d8w11xYYcI8N6tPPYDPxOa8Zt8QPCMeOMCiARnUX1Y5v3du22We1oTxlSlj8cDtPwPGZyNYZoAOgvDhsXEzttWZYUa15I1V0Vr7RVdCq4eCMM4kaF/4jARn/4xaNh3dTMwLBYtUHj4/xNiNZcwYFfG1FrI8YmGqQlJ5Fy3Zuai/mIrNN5jc3xanpzEcR5ZQdSmXNH0EPvtmKcJxISapwAe6m9JqJBsq2LLWUla0ROYlKEQcZJjnd8d3OjmJ78vylcsy8ydHZRUIuBl31c4KNhRg9LgAeSVbnf4gElvi0PrSTqoA6Ah4R0w4LbgZuGeCeDp4v+qkMLgCuUG5sjx8Ll3GD071YWje8sWyjrNMz2KPe/krd+TLUs5SOCm44Df5a7KJlHq4DLkJ+daocwz/c8vKf200yxf5uL6d2WT4UdrAA==",
                        "wcBMAyOWfUReUZ0fAQgAxArW+7m6Y0m/6iwnhy70bB9SxdK9erhKSyWO4fc2O1ad5RwelSzzoAywe00GwXN1hgzvoKG4Vep9xm6lKG+2n7munMbwNwrH4SL8AOE01bjNF8/d1Fey0Vq1CVos/MSvPUm2Lp/J3Ei8wp8h4VgSkmcIEFXglBzKYpShzj68I01UZEbXFmYuFijvdQStbUMbdamtjEo70lSE/rRpge7mBABKu9+0sfGOEQp5P6kqOWHAOK602Et1yOhToRkWml4YvFnXd0rwt5s51851KIinXzwKE1vN90CxBtzOM5XyMMUPb3YHSfDmXCVkUE/sQEqZwTWXA03Qr444kl28bL0sh9LgAeTH8NL1t76OScE4FCNtNJl84YuP4Hzg6OFHZOBE4oA8CZXgMeUwbtaWHcl0U3/TRjmx1T01kieK07I/zSITLprAAiJj1uAM49HycyaZT7YT4A7kQnmhGvj0ZZf9ONCU/DONjOI/Hkl54WcXAA==",
                        "wcBMAyOWfUReUZ0fAQgAK2p58XvenoXnhfmxtknOg+p+kEorLAr0K5jsLYxcZMoHnDwWPcKm0X9xeDd+/eka9BG5t7aJDbFAEKNvqR/A1QIlm8aN8b/R8+i8OdMQ4uFpR701w0jgsJ9iznBP+Y2o/v1zgokIrH46unI7K3Kfugwjk++5p2q4sdb2Q3x2p1IwIRNLAZBtHZsyuzr4b1U/aEb4OuAvCOR15Smcdb/V0mYUQqmzoE97ATxVm+e6zR3FiTF6+WKC7jYx8AX5zczf5Dv9eEF9MLDIhN3deDn/VI5WdKol4Ig3m9ZII+YZ+0Ps5W8j0/4qgwybVgQJAnYfepgPR7stdbkIzjEAODTHstLgAeRnA58eTBHXv3LBb154txrs4fzc4BjgZuFdH+A84uIQRCPgAeV3hGgaG7qPU+Mo4HylXBevnZmzfh3FwUzrVjneHSHZj+BV45QLa5B20Nf94EDkCteFjrURHTVnGW92QKWv/OKSt25K4d4NAA=="
                    ]
                }
            },
            "resources": {
                "aws_iam_access_key.default.0": {
                    "type": "aws_iam_access_key",
                    "depends_on": [
                        "aws_iam_user.default.*"
                    ],
                    "primary": {
                        "id": "AKIARNJNDLWZYTX22DES",
                        "attributes": {
                            "encrypted_secret": "wcBMAyOWfUReUZ0fAQgAE2w7vlz0svtOIKZoOLwozNMpxQbwpj3Kqs11lY1lJU1w8vpQcZ5HHnDsNKpOG5IFaFMbP3VMuY/juvt0w1Exj+ESB2NcFQXnIkomrasm/DlqQzqKyTHz+le6p997vaoCnnI0iKBJ3bU659h+/amWFwKxH5xAXk1OdtR/U8p4nGK1Qaa8Qmh+MiNQhGaPver82l0b2xmTOQVgnBA3G7PMJ7ngLXGrLIoAYoXWhkkra9Kjb4c/DwoCmxCxK2swX4vezTYZQ4caYDfGF/saAAnw49257JB0z6XfaxJX0zXGAqFd/+bp+fNKYlUb+u2y/mTWCNvWwlpFeNGXgGdbh4XoTdLgAeTptE5Sq7orWnSwhrmDPOjT4XHY4PPg3OGwceDy4hiEb/HgnuUtYnf4rLULxjc9ev9eHs8cXl03gtJjrLZ3HZu7WDqXv+A/459LndeQ4/oS4GTkldpg/NAbwYTfkTdzlMqBI+K8Kx6r4fBQAA==",
                            "id": "AKIARNJNDLWZYTX22DES",
                            "key_fingerprint": "0e9c96a3f7fdd60f2b93f069a31ed752f3f43049",
                            "pgp_key": "keybase:wizelinedevops",
                            "ses_smtp_password": "AmXmxX+LCfL9kw8ovPSUT6q3hcizYbQISwSnE9oANQGG",
                            "status": "Active",
                            "user": "wizeline-academy-automation-0"
                        },
                        "meta": {},
                        "tainted": false
                    },
                    "deposed": [],
                    "provider": "provider.aws"
                },
                "aws_iam_access_key.default.1": {
                    "type": "aws_iam_access_key",
                    "depends_on": [
                        "aws_iam_user.default.*"
                    ],
                    "primary": {
                        "id": "AKIARNJNDLWZXOH6XZ37",
                        "attributes": {
                            "encrypted_secret": "wcBMAyOWfUReUZ0fAQgAflRdqRHt8U9UktiX3TGpm1Z/UBsgB17eyIzqOk5T7n7eb7lnGpaSnAztbOEkQYNB94ndmm6yVsSbVOyHGjml2+dUY05e9LU5bLhPo4CknQGYRbVThcYm8wrrRfg4X8TZL9hA+8cowRDz2uWjtjGJimJ4VzN7tgqaFQB5ozL8Yxvn4+aCKmldWu1AwFaI5pVDWNcJE8ijMgq4FmNLjfU2U/OWQHEju3MfDtCFbCGs4wOmRSLL0jGs9t4YnZnnMccM4Z7O9hLc9zQezs5xsmONystrXv2eBhV+aDxlDqs3c55KKFzPcuXpORt1wfahq1ZhH7xUlqovTsvvfvIeL7ynzdLgAeQMq2R63SlPg/27L50koRVJ4cMo4NjgnOHqQ+Ce4tl9/nbgZ+X/ESst7WoBpbCLVD67T2lgS14BsoVC/YjJ7quRQceoM+Bz40r68vYla9SL4N/k0sncg7Wm2zsYHd2CMDGga+LkLvu64fT6AA==",
                            "id": "AKIARNJNDLWZXOH6XZ37",
                            "key_fingerprint": "0e9c96a3f7fdd60f2b93f069a31ed752f3f43049",
                            "pgp_key": "keybase:wizelinedevops",
                            "ses_smtp_password": "Ak97gLWIiNl+LAlyThx4wKX/faL2Mw84lMWSw2dxI72p",
                            "status": "Active",
                            "user": "wizeline-academy-automation-1"
                        },
                        "meta": {},
                        "tainted": false
                    },
                    "deposed": [],
                    "provider": "provider.aws"
                },
                "aws_iam_access_key.default.2": {
                    "type": "aws_iam_access_key",
                    "depends_on": [
                        "aws_iam_user.default.*"
                    ],
                    "primary": {
                        "id": "AKIARNJNDLWZ3GKTT4G3",
                        "attributes": {
                            "encrypted_secret": "wcBMAyOWfUReUZ0fAQgAeSbg3YIdkkXMySyX1owhHZX//t2GzIk59IM5vv1ItducaT3xK4guac1YPsPUE+d8w11xYYcI8N6tPPYDPxOa8Zt8QPCMeOMCiARnUX1Y5v3du22We1oTxlSlj8cDtPwPGZyNYZoAOgvDhsXEzttWZYUa15I1V0Vr7RVdCq4eCMM4kaF/4jARn/4xaNh3dTMwLBYtUHj4/xNiNZcwYFfG1FrI8YmGqQlJ5Fy3Zuai/mIrNN5jc3xanpzEcR5ZQdSmXNH0EPvtmKcJxISapwAe6m9JqJBsq2LLWUla0ROYlKEQcZJjnd8d3OjmJ78vylcsy8ydHZRUIuBl31c4KNhRg9LgAeSVbnf4gElvi0PrSTqoA6Ah4R0w4LbgZuGeCeDp4v+qkMLgCuUG5sjx8Ll3GD071YWje8sWyjrNMz2KPe/krd+TLUs5SOCm44Df5a7KJlHq4DLkJ+daocwz/c8vKf200yxf5uL6d2WT4UdrAA==",
                            "id": "AKIARNJNDLWZ3GKTT4G3",
                            "key_fingerprint": "0e9c96a3f7fdd60f2b93f069a31ed752f3f43049",
                            "pgp_key": "keybase:wizelinedevops",
                            "ses_smtp_password": "ApfZmdd3xXgllZ12QU9N5SID0Ye8GFpkpV1HTHa9uiUv",
                            "status": "Active",
                            "user": "wizeline-academy-automation-2"
                        },
                        "meta": {},
                        "tainted": false
                    },
                    "deposed": [],
                    "provider": "provider.aws"
                },
                "aws_iam_access_key.default.3": {
                    "type": "aws_iam_access_key",
                    "depends_on": [
                        "aws_iam_user.default.*"
                    ],
                    "primary": {
                        "id": "AKIARNJNDLWZWA4RLRPV",
                        "attributes": {
                            "encrypted_secret": "wcBMAyOWfUReUZ0fAQgAxArW+7m6Y0m/6iwnhy70bB9SxdK9erhKSyWO4fc2O1ad5RwelSzzoAywe00GwXN1hgzvoKG4Vep9xm6lKG+2n7munMbwNwrH4SL8AOE01bjNF8/d1Fey0Vq1CVos/MSvPUm2Lp/J3Ei8wp8h4VgSkmcIEFXglBzKYpShzj68I01UZEbXFmYuFijvdQStbUMbdamtjEo70lSE/rRpge7mBABKu9+0sfGOEQp5P6kqOWHAOK602Et1yOhToRkWml4YvFnXd0rwt5s51851KIinXzwKE1vN90CxBtzOM5XyMMUPb3YHSfDmXCVkUE/sQEqZwTWXA03Qr444kl28bL0sh9LgAeTH8NL1t76OScE4FCNtNJl84YuP4Hzg6OFHZOBE4oA8CZXgMeUwbtaWHcl0U3/TRjmx1T01kieK07I/zSITLprAAiJj1uAM49HycyaZT7YT4A7kQnmhGvj0ZZf9ONCU/DONjOI/Hkl54WcXAA==",
                            "id": "AKIARNJNDLWZWA4RLRPV",
                            "key_fingerprint": "0e9c96a3f7fdd60f2b93f069a31ed752f3f43049",
                            "pgp_key": "keybase:wizelinedevops",
                            "ses_smtp_password": "AgYTyJrDXetyfDrPfK22Aa+O6BzbXdvnznsn+1uhF+JM",
                            "status": "Active",
                            "user": "wizeline-academy-automation-3"
                        },
                        "meta": {},
                        "tainted": false
                    },
                    "deposed": [],
                    "provider": "provider.aws"
                },
                "aws_iam_access_key.default.4": {
                    "type": "aws_iam_access_key",
                    "depends_on": [
                        "aws_iam_user.default.*"
                    ],
                    "primary": {
                        "id": "AKIARNJNDLWZ4656CWEG",
                        "attributes": {
                            "encrypted_secret": "wcBMAyOWfUReUZ0fAQgAK2p58XvenoXnhfmxtknOg+p+kEorLAr0K5jsLYxcZMoHnDwWPcKm0X9xeDd+/eka9BG5t7aJDbFAEKNvqR/A1QIlm8aN8b/R8+i8OdMQ4uFpR701w0jgsJ9iznBP+Y2o/v1zgokIrH46unI7K3Kfugwjk++5p2q4sdb2Q3x2p1IwIRNLAZBtHZsyuzr4b1U/aEb4OuAvCOR15Smcdb/V0mYUQqmzoE97ATxVm+e6zR3FiTF6+WKC7jYx8AX5zczf5Dv9eEF9MLDIhN3deDn/VI5WdKol4Ig3m9ZII+YZ+0Ps5W8j0/4qgwybVgQJAnYfepgPR7stdbkIzjEAODTHstLgAeRnA58eTBHXv3LBb154txrs4fzc4BjgZuFdH+A84uIQRCPgAeV3hGgaG7qPU+Mo4HylXBevnZmzfh3FwUzrVjneHSHZj+BV45QLa5B20Nf94EDkCteFjrURHTVnGW92QKWv/OKSt25K4d4NAA==",
                            "id": "AKIARNJNDLWZ4656CWEG",
                            "key_fingerprint": "0e9c96a3f7fdd60f2b93f069a31ed752f3f43049",
                            "pgp_key": "keybase:wizelinedevops",
                            "ses_smtp_password": "AkPIis8rTS6UONBjDwnuVZTVkLXLwT4Aowv9R+8pFrlr",
                            "status": "Active",
                            "user": "wizeline-academy-automation-4"
                        },
                        "meta": {},
                        "tainted": false
                    },
                    "deposed": [],
                    "provider": "provider.aws"
                },
                "aws_iam_user.default.0": {
                    "type": "aws_iam_user",
                    "depends_on": [],
                    "primary": {
                        "id": "wizeline-academy-automation-0",
                        "attributes": {
                            "arn": "arn:aws:iam::097268227507:user/wizeline-academy-automation-0",
                            "force_destroy": "false",
                            "id": "wizeline-academy-automation-0",
                            "name": "wizeline-academy-automation-0",
                            "path": "/",
                            "tags.%": "0",
                            "unique_id": "AIDARNJNDLWZVLXNVMNLJ"
                        },
                        "meta": {},
                        "tainted": false
                    },
                    "deposed": [],
                    "provider": "provider.aws"
                },
                "aws_iam_user.default.1": {
                    "type": "aws_iam_user",
                    "depends_on": [],
                    "primary": {
                        "id": "wizeline-academy-automation-1",
                        "attributes": {
                            "arn": "arn:aws:iam::097268227507:user/wizeline-academy-automation-1",
                            "force_destroy": "false",
                            "id": "wizeline-academy-automation-1",
                            "name": "wizeline-academy-automation-1",
                            "path": "/",
                            "tags.%": "0",
                            "unique_id": "AIDARNJNDLWZ3QBNIA4N5"
                        },
                        "meta": {},
                        "tainted": false
                    },
                    "deposed": [],
                    "provider": "provider.aws"
                },
                "aws_iam_user.default.2": {
                    "type": "aws_iam_user",
                    "depends_on": [],
                    "primary": {
                        "id": "wizeline-academy-automation-2",
                        "attributes": {
                            "arn": "arn:aws:iam::097268227507:user/wizeline-academy-automation-2",
                            "force_destroy": "false",
                            "id": "wizeline-academy-automation-2",
                            "name": "wizeline-academy-automation-2",
                            "path": "/",
                            "tags.%": "0",
                            "unique_id": "AIDARNJNDLWZZ3S4TS7FZ"
                        },
                        "meta": {},
                        "tainted": false
                    },
                    "deposed": [],
                    "provider": "provider.aws"
                },
                "aws_iam_user.default.3": {
                    "type": "aws_iam_user",
                    "depends_on": [],
                    "primary": {
                        "id": "wizeline-academy-automation-3",
                        "attributes": {
                            "arn": "arn:aws:iam::097268227507:user/wizeline-academy-automation-3",
                            "force_destroy": "false",
                            "id": "wizeline-academy-automation-3",
                            "name": "wizeline-academy-automation-3",
                            "path": "/",
                            "tags.%": "0",
                            "unique_id": "AIDARNJNDLWZWMGYEK4NY"
                        },
                        "meta": {},
                        "tainted": false
                    },
                    "deposed": [],
                    "provider": "provider.aws"
                },
                "aws_iam_user.default.4": {
                    "type": "aws_iam_user",
                    "depends_on": [],
                    "primary": {
                        "id": "wizeline-academy-automation-4",
                        "attributes": {
                            "arn": "arn:aws:iam::097268227507:user/wizeline-academy-automation-4",
                            "force_destroy": "false",
                            "id": "wizeline-academy-automation-4",
                            "name": "wizeline-academy-automation-4",
                            "path": "/",
                            "tags.%": "0",
                            "unique_id": "AIDARNJNDLWZYCELNC23B"
                        },
                        "meta": {},
                        "tainted": false
                    },
                    "deposed": [],
                    "provider": "provider.aws"
                },
                "aws_iam_user_group_membership.default.0": {
                    "type": "aws_iam_user_group_membership",
                    "depends_on": [
                        "aws_iam_user.default.*"
                    ],
                    "primary": {
                        "id": "terraform-20190806134410544500000005",
                        "attributes": {
                            "groups.#": "1",
                            "groups.2685270928": "wizeline-academy-automation",
                            "id": "terraform-20190806134410544500000005",
                            "user": "wizeline-academy-automation-0"
                        },
                        "meta": {},
                        "tainted": false
                    },
                    "deposed": [],
                    "provider": "provider.aws"
                },
                "aws_iam_user_group_membership.default.1": {
                    "type": "aws_iam_user_group_membership",
                    "depends_on": [
                        "aws_iam_user.default.*"
                    ],
                    "primary": {
                        "id": "terraform-20190806134410900100000006",
                        "attributes": {
                            "groups.#": "1",
                            "groups.2685270928": "wizeline-academy-automation",
                            "id": "terraform-20190806134410900100000006",
                            "user": "wizeline-academy-automation-1"
                        },
                        "meta": {},
                        "tainted": false
                    },
                    "deposed": [],
                    "provider": "provider.aws"
                },
                "aws_iam_user_group_membership.default.2": {
                    "type": "aws_iam_user_group_membership",
                    "depends_on": [
                        "aws_iam_user.default.*"
                    ],
                    "primary": {
                        "id": "terraform-20190806134410542200000004",
                        "attributes": {
                            "groups.#": "1",
                            "groups.2685270928": "wizeline-academy-automation",
                            "id": "terraform-20190806134410542200000004",
                            "user": "wizeline-academy-automation-2"
                        },
                        "meta": {},
                        "tainted": false
                    },
                    "deposed": [],
                    "provider": "provider.aws"
                },
                "aws_iam_user_group_membership.default.3": {
                    "type": "aws_iam_user_group_membership",
                    "depends_on": [
                        "aws_iam_user.default.*"
                    ],
                    "primary": {
                        "id": "terraform-20190806134410539000000003",
                        "attributes": {
                            "groups.#": "1",
                            "groups.2685270928": "wizeline-academy-automation",
                            "id": "terraform-20190806134410539000000003",
                            "user": "wizeline-academy-automation-3"
                        },
                        "meta": {},
                        "tainted": false
                    },
                    "deposed": [],
                    "provider": "provider.aws"
                },
                "aws_iam_user_group_membership.default.4": {
                    "type": "aws_iam_user_group_membership",
                    "depends_on": [
                        "aws_iam_user.default.*"
                    ],
                    "primary": {
                        "id": "terraform-20190806134410537100000002",
                        "attributes": {
                            "groups.#": "1",
                            "groups.2685270928": "wizeline-academy-automation",
                            "id": "terraform-20190806134410537100000002",
                            "user": "wizeline-academy-automation-4"
                        },
                        "meta": {},
                        "tainted": false
                    },
                    "deposed": [],
                    "provider": "provider.aws"
                },
                "aws_iam_user_policy.default.0": {
                    "type": "aws_iam_user_policy",
                    "depends_on": [
                        "aws_iam_user.default.*",
                        "data.aws_iam_policy_document.default.*"
                    ],
                    "primary": {
                        "id": "wizeline-academy-automation-0:s3-access",
                        "attributes": {
                            "id": "wizeline-academy-automation-0:s3-access",
                            "name": "s3-access",
                            "policy": "{\n  \"Version\": \"2012-10-17\",\n  \"Statement\": [\n    {\n      \"Sid\": \"\",\n      \"Effect\": \"Allow\",\n      \"Action\": \"s3:*\",\n      \"Resource\": [\n        \"arn:aws:s3:::wizeline-academy-automation-0/*\",\n        \"arn:aws:s3:::wizeline-academy-automation-0\"\n      ]\n    },\n    {\n      \"Sid\": \"\",\n      \"Effect\": \"Allow\",\n      \"Action\": [\n        \"s3:ListBucket\",\n        \"s3:HeadBucket\"\n      ],\n      \"Resource\": \"arn:aws:s3:::wizeline-academy-automation-0\"\n    }\n  ]\n}",
                            "user": "wizeline-academy-automation-0"
                        },
                        "meta": {},
                        "tainted": false
                    },
                    "deposed": [],
                    "provider": "provider.aws"
                },
                "aws_iam_user_policy.default.1": {
                    "type": "aws_iam_user_policy",
                    "depends_on": [
                        "aws_iam_user.default.*",
                        "data.aws_iam_policy_document.default.*"
                    ],
                    "primary": {
                        "id": "wizeline-academy-automation-1:s3-access",
                        "attributes": {
                            "id": "wizeline-academy-automation-1:s3-access",
                            "name": "s3-access",
                            "policy": "{\n  \"Version\": \"2012-10-17\",\n  \"Statement\": [\n    {\n      \"Sid\": \"\",\n      \"Effect\": \"Allow\",\n      \"Action\": \"s3:*\",\n      \"Resource\": [\n        \"arn:aws:s3:::wizeline-academy-automation-1/*\",\n        \"arn:aws:s3:::wizeline-academy-automation-1\"\n      ]\n    },\n    {\n      \"Sid\": \"\",\n      \"Effect\": \"Allow\",\n      \"Action\": [\n        \"s3:ListBucket\",\n        \"s3:HeadBucket\"\n      ],\n      \"Resource\": \"arn:aws:s3:::wizeline-academy-automation-1\"\n    }\n  ]\n}",
                            "user": "wizeline-academy-automation-1"
                        },
                        "meta": {},
                        "tainted": false
                    },
                    "deposed": [],
                    "provider": "provider.aws"
                },
                "aws_iam_user_policy.default.2": {
                    "type": "aws_iam_user_policy",
                    "depends_on": [
                        "aws_iam_user.default.*",
                        "data.aws_iam_policy_document.default.*"
                    ],
                    "primary": {
                        "id": "wizeline-academy-automation-2:s3-access",
                        "attributes": {
                            "id": "wizeline-academy-automation-2:s3-access",
                            "name": "s3-access",
                            "policy": "{\n  \"Version\": \"2012-10-17\",\n  \"Statement\": [\n    {\n      \"Sid\": \"\",\n      \"Effect\": \"Allow\",\n      \"Action\": \"s3:*\",\n      \"Resource\": [\n        \"arn:aws:s3:::wizeline-academy-automation-2/*\",\n        \"arn:aws:s3:::wizeline-academy-automation-2\"\n      ]\n    },\n    {\n      \"Sid\": \"\",\n      \"Effect\": \"Allow\",\n      \"Action\": [\n        \"s3:ListBucket\",\n        \"s3:HeadBucket\"\n      ],\n      \"Resource\": \"arn:aws:s3:::wizeline-academy-automation-2\"\n    }\n  ]\n}",
                            "user": "wizeline-academy-automation-2"
                        },
                        "meta": {},
                        "tainted": false
                    },
                    "deposed": [],
                    "provider": "provider.aws"
                },
                "aws_iam_user_policy.default.3": {
                    "type": "aws_iam_user_policy",
                    "depends_on": [
                        "aws_iam_user.default.*",
                        "data.aws_iam_policy_document.default.*"
                    ],
                    "primary": {
                        "id": "wizeline-academy-automation-3:s3-access",
                        "attributes": {
                            "id": "wizeline-academy-automation-3:s3-access",
                            "name": "s3-access",
                            "policy": "{\n  \"Version\": \"2012-10-17\",\n  \"Statement\": [\n    {\n      \"Sid\": \"\",\n      \"Effect\": \"Allow\",\n      \"Action\": \"s3:*\",\n      \"Resource\": [\n        \"arn:aws:s3:::wizeline-academy-automation-3/*\",\n        \"arn:aws:s3:::wizeline-academy-automation-3\"\n      ]\n    },\n    {\n      \"Sid\": \"\",\n      \"Effect\": \"Allow\",\n      \"Action\": [\n        \"s3:ListBucket\",\n        \"s3:HeadBucket\"\n      ],\n      \"Resource\": \"arn:aws:s3:::wizeline-academy-automation-3\"\n    }\n  ]\n}",
                            "user": "wizeline-academy-automation-3"
                        },
                        "meta": {},
                        "tainted": false
                    },
                    "deposed": [],
                    "provider": "provider.aws"
                },
                "aws_iam_user_policy.default.4": {
                    "type": "aws_iam_user_policy",
                    "depends_on": [
                        "aws_iam_user.default.*",
                        "data.aws_iam_policy_document.default.*"
                    ],
                    "primary": {
                        "id": "wizeline-academy-automation-4:s3-access",
                        "attributes": {
                            "id": "wizeline-academy-automation-4:s3-access",
                            "name": "s3-access",
                            "policy": "{\n  \"Version\": \"2012-10-17\",\n  \"Statement\": [\n    {\n      \"Sid\": \"\",\n      \"Effect\": \"Allow\",\n      \"Action\": \"s3:*\",\n      \"Resource\": [\n        \"arn:aws:s3:::wizeline-academy-automation-4/*\",\n        \"arn:aws:s3:::wizeline-academy-automation-4\"\n      ]\n    },\n    {\n      \"Sid\": \"\",\n      \"Effect\": \"Allow\",\n      \"Action\": [\n        \"s3:ListBucket\",\n        \"s3:HeadBucket\"\n      ],\n      \"Resource\": \"arn:aws:s3:::wizeline-academy-automation-4\"\n    }\n  ]\n}",
                            "user": "wizeline-academy-automation-4"
                        },
                        "meta": {},
                        "tainted": false
                    },
                    "deposed": [],
                    "provider": "provider.aws"
                },
                "data.aws_iam_policy_document.default.0": {
                    "type": "aws_iam_policy_document",
                    "depends_on": [],
                    "primary": {
                        "id": "3338400420",
                        "attributes": {
                            "id": "3338400420",
                            "json": "{\n  \"Version\": \"2012-10-17\",\n  \"Statement\": [\n    {\n      \"Sid\": \"\",\n      \"Effect\": \"Allow\",\n      \"Action\": \"s3:*\",\n      \"Resource\": [\n        \"arn:aws:s3:::wizeline-academy-automation-0/*\",\n        \"arn:aws:s3:::wizeline-academy-automation-0\"\n      ]\n    },\n    {\n      \"Sid\": \"\",\n      \"Effect\": \"Allow\",\n      \"Action\": [\n        \"s3:ListBucket\",\n        \"s3:HeadBucket\"\n      ],\n      \"Resource\": \"arn:aws:s3:::wizeline-academy-automation-0\"\n    }\n  ]\n}",
                            "statement.#": "2",
                            "statement.0.actions.#": "1",
                            "statement.0.actions.1834123015": "s3:*",
                            "statement.0.condition.#": "0",
                            "statement.0.effect": "Allow",
                            "statement.0.not_actions.#": "0",
                            "statement.0.not_principals.#": "0",
                            "statement.0.not_resources.#": "0",
                            "statement.0.principals.#": "0",
                            "statement.0.resources.#": "2",
                            "statement.0.resources.1903494381": "arn:aws:s3:::wizeline-academy-automation-0/*",
                            "statement.0.resources.2669113793": "arn:aws:s3:::wizeline-academy-automation-0",
                            "statement.0.sid": "",
                            "statement.1.actions.#": "2",
                            "statement.1.actions.1231971653": "s3:HeadBucket",
                            "statement.1.actions.486976917": "s3:ListBucket",
                            "statement.1.condition.#": "0",
                            "statement.1.effect": "Allow",
                            "statement.1.not_actions.#": "0",
                            "statement.1.not_principals.#": "0",
                            "statement.1.not_resources.#": "0",
                            "statement.1.principals.#": "0",
                            "statement.1.resources.#": "1",
                            "statement.1.resources.2669113793": "arn:aws:s3:::wizeline-academy-automation-0",
                            "statement.1.sid": "",
                            "version": "2012-10-17"
                        },
                        "meta": {},
                        "tainted": false
                    },
                    "deposed": [],
                    "provider": "provider.aws"
                },
                "data.aws_iam_policy_document.default.1": {
                    "type": "aws_iam_policy_document",
                    "depends_on": [],
                    "primary": {
                        "id": "37585147",
                        "attributes": {
                            "id": "37585147",
                            "json": "{\n  \"Version\": \"2012-10-17\",\n  \"Statement\": [\n    {\n      \"Sid\": \"\",\n      \"Effect\": \"Allow\",\n      \"Action\": \"s3:*\",\n      \"Resource\": [\n        \"arn:aws:s3:::wizeline-academy-automation-1/*\",\n        \"arn:aws:s3:::wizeline-academy-automation-1\"\n      ]\n    },\n    {\n      \"Sid\": \"\",\n      \"Effect\": \"Allow\",\n      \"Action\": [\n        \"s3:ListBucket\",\n        \"s3:HeadBucket\"\n      ],\n      \"Resource\": \"arn:aws:s3:::wizeline-academy-automation-1\"\n    }\n  ]\n}",
                            "statement.#": "2",
                            "statement.0.actions.#": "1",
                            "statement.0.actions.1834123015": "s3:*",
                            "statement.0.condition.#": "0",
                            "statement.0.effect": "Allow",
                            "statement.0.not_actions.#": "0",
                            "statement.0.not_principals.#": "0",
                            "statement.0.not_resources.#": "0",
                            "statement.0.principals.#": "0",
                            "statement.0.resources.#": "2",
                            "statement.0.resources.2248949888": "arn:aws:s3:::wizeline-academy-automation-1",
                            "statement.0.resources.3385418632": "arn:aws:s3:::wizeline-academy-automation-1/*",
                            "statement.0.sid": "",
                            "statement.1.actions.#": "2",
                            "statement.1.actions.1231971653": "s3:HeadBucket",
                            "statement.1.actions.486976917": "s3:ListBucket",
                            "statement.1.condition.#": "0",
                            "statement.1.effect": "Allow",
                            "statement.1.not_actions.#": "0",
                            "statement.1.not_principals.#": "0",
                            "statement.1.not_resources.#": "0",
                            "statement.1.principals.#": "0",
                            "statement.1.resources.#": "1",
                            "statement.1.resources.2248949888": "arn:aws:s3:::wizeline-academy-automation-1",
                            "statement.1.sid": "",
                            "version": "2012-10-17"
                        },
                        "meta": {},
                        "tainted": false
                    },
                    "deposed": [],
                    "provider": "provider.aws"
                },
                "data.aws_iam_policy_document.default.2": {
                    "type": "aws_iam_policy_document",
                    "depends_on": [],
                    "primary": {
                        "id": "2483425371",
                        "attributes": {
                            "id": "2483425371",
                            "json": "{\n  \"Version\": \"2012-10-17\",\n  \"Statement\": [\n    {\n      \"Sid\": \"\",\n      \"Effect\": \"Allow\",\n      \"Action\": \"s3:*\",\n      \"Resource\": [\n        \"arn:aws:s3:::wizeline-academy-automation-2/*\",\n        \"arn:aws:s3:::wizeline-academy-automation-2\"\n      ]\n    },\n    {\n      \"Sid\": \"\",\n      \"Effect\": \"Allow\",\n      \"Action\": [\n        \"s3:ListBucket\",\n        \"s3:HeadBucket\"\n      ],\n      \"Resource\": \"arn:aws:s3:::wizeline-academy-automation-2\"\n    }\n  ]\n}",
                            "statement.#": "2",
                            "statement.0.actions.#": "1",
                            "statement.0.actions.1834123015": "s3:*",
                            "statement.0.condition.#": "0",
                            "statement.0.effect": "Allow",
                            "statement.0.not_actions.#": "0",
                            "statement.0.not_principals.#": "0",
                            "statement.0.not_resources.#": "0",
                            "statement.0.principals.#": "0",
                            "statement.0.resources.#": "2",
                            "statement.0.resources.2904625987": "arn:aws:s3:::wizeline-academy-automation-2",
                            "statement.0.resources.3682389094": "arn:aws:s3:::wizeline-academy-automation-2/*",
                            "statement.0.sid": "",
                            "statement.1.actions.#": "2",
                            "statement.1.actions.1231971653": "s3:HeadBucket",
                            "statement.1.actions.486976917": "s3:ListBucket",
                            "statement.1.condition.#": "0",
                            "statement.1.effect": "Allow",
                            "statement.1.not_actions.#": "0",
                            "statement.1.not_principals.#": "0",
                            "statement.1.not_resources.#": "0",
                            "statement.1.principals.#": "0",
                            "statement.1.resources.#": "1",
                            "statement.1.resources.2904625987": "arn:aws:s3:::wizeline-academy-automation-2",
                            "statement.1.sid": "",
                            "version": "2012-10-17"
                        },
                        "meta": {},
                        "tainted": false
                    },
                    "deposed": [],
                    "provider": "provider.aws"
                },
                "data.aws_iam_policy_document.default.3": {
                    "type": "aws_iam_policy_document",
                    "depends_on": [],
                    "primary": {
                        "id": "1354785284",
                        "attributes": {
                            "id": "1354785284",
                            "json": "{\n  \"Version\": \"2012-10-17\",\n  \"Statement\": [\n    {\n      \"Sid\": \"\",\n      \"Effect\": \"Allow\",\n      \"Action\": \"s3:*\",\n      \"Resource\": [\n        \"arn:aws:s3:::wizeline-academy-automation-3/*\",\n        \"arn:aws:s3:::wizeline-academy-automation-3\"\n      ]\n    },\n    {\n      \"Sid\": \"\",\n      \"Effect\": \"Allow\",\n      \"Action\": [\n        \"s3:ListBucket\",\n        \"s3:HeadBucket\"\n      ],\n      \"Resource\": \"arn:aws:s3:::wizeline-academy-automation-3\"\n    }\n  ]\n}",
                            "statement.#": "2",
                            "statement.0.actions.#": "1",
                            "statement.0.actions.1834123015": "s3:*",
                            "statement.0.condition.#": "0",
                            "statement.0.effect": "Allow",
                            "statement.0.not_actions.#": "0",
                            "statement.0.not_principals.#": "0",
                            "statement.0.not_resources.#": "0",
                            "statement.0.principals.#": "0",
                            "statement.0.resources.#": "2",
                            "statement.0.resources.1673571075": "arn:aws:s3:::wizeline-academy-automation-3/*",
                            "statement.0.resources.3023708674": "arn:aws:s3:::wizeline-academy-automation-3",
                            "statement.0.sid": "",
                            "statement.1.actions.#": "2",
                            "statement.1.actions.1231971653": "s3:HeadBucket",
                            "statement.1.actions.486976917": "s3:ListBucket",
                            "statement.1.condition.#": "0",
                            "statement.1.effect": "Allow",
                            "statement.1.not_actions.#": "0",
                            "statement.1.not_principals.#": "0",
                            "statement.1.not_resources.#": "0",
                            "statement.1.principals.#": "0",
                            "statement.1.resources.#": "1",
                            "statement.1.resources.3023708674": "arn:aws:s3:::wizeline-academy-automation-3",
                            "statement.1.sid": "",
                            "version": "2012-10-17"
                        },
                        "meta": {},
                        "tainted": false
                    },
                    "deposed": [],
                    "provider": "provider.aws"
                },
                "data.aws_iam_policy_document.default.4": {
                    "type": "aws_iam_policy_document",
                    "depends_on": [],
                    "primary": {
                        "id": "1660958554",
                        "attributes": {
                            "id": "1660958554",
                            "json": "{\n  \"Version\": \"2012-10-17\",\n  \"Statement\": [\n    {\n      \"Sid\": \"\",\n      \"Effect\": \"Allow\",\n      \"Action\": \"s3:*\",\n      \"Resource\": [\n        \"arn:aws:s3:::wizeline-academy-automation-4/*\",\n        \"arn:aws:s3:::wizeline-academy-automation-4\"\n      ]\n    },\n    {\n      \"Sid\": \"\",\n      \"Effect\": \"Allow\",\n      \"Action\": [\n        \"s3:ListBucket\",\n        \"s3:HeadBucket\"\n      ],\n      \"Resource\": \"arn:aws:s3:::wizeline-academy-automation-4\"\n    }\n  ]\n}",
                            "statement.#": "2",
                            "statement.0.actions.#": "1",
                            "statement.0.actions.1834123015": "s3:*",
                            "statement.0.condition.#": "0",
                            "statement.0.effect": "Allow",
                            "statement.0.not_actions.#": "0",
                            "statement.0.not_principals.#": "0",
                            "statement.0.not_resources.#": "0",
                            "statement.0.principals.#": "0",
                            "statement.0.resources.#": "2",
                            "statement.0.resources.4219188421": "arn:aws:s3:::wizeline-academy-automation-4",
                            "statement.0.resources.4262958010": "arn:aws:s3:::wizeline-academy-automation-4/*",
                            "statement.0.sid": "",
                            "statement.1.actions.#": "2",
                            "statement.1.actions.1231971653": "s3:HeadBucket",
                            "statement.1.actions.486976917": "s3:ListBucket",
                            "statement.1.condition.#": "0",
                            "statement.1.effect": "Allow",
                            "statement.1.not_actions.#": "0",
                            "statement.1.not_principals.#": "0",
                            "statement.1.not_resources.#": "0",
                            "statement.1.principals.#": "0",
                            "statement.1.resources.#": "1",
                            "statement.1.resources.4219188421": "arn:aws:s3:::wizeline-academy-automation-4",
                            "statement.1.sid": "",
                            "version": "2012-10-17"
                        },
                        "meta": {},
                        "tainted": false
                    },
                    "deposed": [],
                    "provider": "provider.aws"
                }
            },
            "depends_on": []
        }
    ]
}
